PODS:
  - Flutter (1.0.0)
  - flutter_local_notifications (0.0.1):
    - Flutter
  - flutter_secure_storage (6.0.0):
    - Flutter
  - flutter_sound (9.30.0):
    - Flutter
    - flutter_sound_core (= 9.30.0)
  - flutter_sound_core (9.30.0)
  - permission_handler_apple (9.3.0):
    - Flutter

DEPENDENCIES:
  - Flutter (from `Flutter`)
  - flutter_local_notifications (from `.symlinks/plugins/flutter_local_notifications/ios`)
  - flutter_secure_storage (from `.symlinks/plugins/flutter_secure_storage/ios`)
  - flutter_sound (from `.symlinks/plugins/flutter_sound/ios`)
  - permission_handler_apple (from `.symlinks/plugins/permission_handler_apple/ios`)

SPEC REPOS:
  trunk:
    - flutter_sound_core

EXTERNAL SOURCES:
  Flutter:
    :path: Flutter
  flutter_local_notifications:
    :path: ".symlinks/plugins/flutter_local_notifications/ios"
  flutter_secure_storage:
    :path: ".symlinks/plugins/flutter_secure_storage/ios"
  flutter_sound:
    :path: ".symlinks/plugins/flutter_sound/ios"
  permission_handler_apple:
    :path: ".symlinks/plugins/permission_handler_apple/ios"

SPEC CHECKSUMS:
  Flutter: 71a624a5bc0c04062bf19101d501e466baf2fb47
  flutter_local_notifications: ad39620c743ea4c15127860f4b5641649a988100
  flutter_secure_storage: 1ed9476fba7e7a782b22888f956cce43e2c62f13
  flutter_sound: d95194f6476c9ad211d22b3a414d852c12c7ca44
  flutter_sound_core: 7f2626d249d3a57bfa6da892ef7e22d234482c1a
  permission_handler_apple: 4ed2196e43d0651e8ff7ca3483a069d469701f2d

PODFILE CHECKSUM: bd2044f20fa3db6e2032e3f20be5dc10770986ea

COCOAPODS: 1.17.0
